<?xml version="1.0" encoding="utf-8"?>
<Project ToolsVersion="4.0" xmlns="http://schemas.microsoft.com/developer/msbuild/2003">
  <ItemGroup>
    <Filter Include="Source Files">
      <UniqueIdentifier>{e21de2cf-40fc-4c52-a5f0-2ed359b5d3ca}</UniqueIdentifier>
      <Extensions>cpp;c;cxx;rc;def;r;odl;idl;hpj;bat</Extensions>
    </Filter>
    <Filter Include="Header Files">
      <UniqueIdentifier>{5d3ce9b4-92d1-4805-95e4-885ec120d6a5}</UniqueIdentifier>
      <Extensions>h;hpp;hxx;hm;inl</Extensions>
    </Filter>
    <Filter Include="Resource Files">
      <UniqueIdentifier>{6970f877-790f-4cfb-88b5-c691d9b20e87}</UniqueIdentifier>
      <Extensions>ico;cur;bmp;dlg;rc2;rct;bin;rgs;gif;jpg;jpeg;jpe</Extensions>
    </Filter>
    <Filter Include="Shaders">
      <UniqueIdentifier>{c47eed4f-0841-425f-890f-3f15796699df}</UniqueIdentifier>
    </Filter>
  </ItemGroup>
  <ItemGroup>
    <ClCompile Include="AnimatedModel.cpp">
      <Filter>Source Files</Filter>
    </ClCompile>
    <ClCompile Include="Animation.cpp">
      <Filter>Source Files</Filter>
    </ClCompile>
    <ClCompile Include="BaseModel.cpp">
      <Filter>Source Files</Filter>
    </ClCompile>
    <ClCompile Include="BitmapFont.cpp">
      <Filter>Source Files</Filter>
    </ClCompile>
    <ClCompile Include="Blur.cpp">
      <Filter>Source Files</Filter>
    </ClCompile>
    <ClCompile Include="camera.cpp">
      <Filter>Source Files</Filter>
    </ClCompile>
    <ClCompile Include="DepthOfField.cpp">
      <Filter>Source Files</Filter>
    </ClCompile>
    <ClCompile Include="f00Quat.cpp">
      <Filter>Source Files</Filter>
    </ClCompile>
    <ClCompile Include="FrameBufferObject.cpp">
      <Filter>Source Files</Filter>
    </ClCompile>
    <ClCompile Include="GLerrorHelper.cpp">
      <Filter>Source Files</Filter>
    </ClCompile>
    <ClCompile Include="GLextensions.cpp">
      <Filter>Source Files</Filter>
    </ClCompile>
    <ClCompile Include="HighResElapsedTimer.cpp">
      <Filter>Source Files</Filter>
    </ClCompile>
    <ClCompile Include="HSV.cpp">
      <Filter>Source Files</Filter>
    </ClCompile>
    <ClCompile Include="LensFlare.cpp">
      <Filter>Source Files</Filter>
    </ClCompile>
    <ClCompile Include="mathHelper.cpp">
      <Filter>Source Files</Filter>
    </ClCompile>
    <ClCompile Include="Matrix.cpp">
      <Filter>Source Files</Filter>
    </ClCompile>
    <ClCompile Include="md2Reader.cpp">
      <Filter>Source Files</Filter>
    </ClCompile>
    <ClCompile Include="NilsEngine.cpp">
      <Filter>Source Files</Filter>
    </ClCompile>
    <ClCompile Include="OcclusionQuery.cpp">
      <Filter>Source Files</Filter>
    </ClCompile>
    <ClCompile Include="OpenMDLmodel.cpp">
      <Filter>Source Files</Filter>
    </ClCompile>
    <ClCompile Include="ParticleSystem.cpp">
      <Filter>Source Files</Filter>
    </ClCompile>
    <ClCompile Include="Scene.cpp">
      <Filter>Source Files</Filter>
    </ClCompile>
    <ClCompile Include="Shader.cpp">
      <Filter>Source Files</Filter>
    </ClCompile>
    <ClCompile Include="Sky.cpp">
      <Filter>Source Files</Filter>
    </ClCompile>
    <ClCompile Include="Texture.cpp">
      <Filter>Source Files</Filter>
    </ClCompile>
    <ClCompile Include="TriList.cpp">
      <Filter>Source Files</Filter>
    </ClCompile>
    <ClCompile Include="UVlist.cpp">
      <Filter>Source Files</Filter>
    </ClCompile>
    <ClCompile Include="Vector3List.cpp">
      <Filter>Source Files</Filter>
    </ClCompile>
  </ItemGroup>
  <ItemGroup>
    <ClInclude Include="AnimatedModel.h">
      <Filter>Header Files</Filter>
    </ClInclude>
    <ClInclude Include="Animation.h">
      <Filter>Header Files</Filter>
    </ClInclude>
    <ClInclude Include="BaseModel.h">
      <Filter>Header Files</Filter>
    </ClInclude>
    <ClInclude Include="BitmapFont.h">
      <Filter>Header Files</Filter>
    </ClInclude>
    <ClInclude Include="Blur.h">
      <Filter>Header Files</Filter>
    </ClInclude>
    <ClInclude Include="camera.h">
      <Filter>Header Files</Filter>
    </ClInclude>
    <ClInclude Include="DepthOfField.h">
      <Filter>Header Files</Filter>
    </ClInclude>
    <ClInclude Include="f00quat.h">
      <Filter>Header Files</Filter>
    </ClInclude>
    <ClInclude Include="FrameBufferObject.h">
      <Filter>Header Files</Filter>
    </ClInclude>
    <ClInclude Include="GLerrorHelper.h">
      <Filter>Header Files</Filter>
    </ClInclude>
    <ClInclude Include="GLextensions.h">
      <Filter>Header Files</Filter>
    </ClInclude>
    <ClInclude Include="HighResElapsedTimer.h">
      <Filter>Header Files</Filter>
    </ClInclude>
    <ClInclude Include="HSV.h">
      <Filter>Header Files</Filter>
    </ClInclude>
    <ClInclude Include="LensFlare.h">
      <Filter>Header Files</Filter>
    </ClInclude>
    <ClInclude Include="mathHelper.h">
      <Filter>Header Files</Filter>
    </ClInclude>
    <ClInclude Include="matrix.h">
      <Filter>Header Files</Filter>
    </ClInclude>
    <ClInclude Include="md2Reader.h">
      <Filter>Header Files</Filter>
    </ClInclude>
    <ClInclude Include="OcclusionQuery.h">
      <Filter>Header Files</Filter>
    </ClInclude>
    <ClInclude Include="OpenMDLmodel.h">
      <Filter>Header Files</Filter>
    </ClInclude>
    <ClInclude Include="ParticleSystem.h">
      <Filter>Header Files</Filter>
    </ClInclude>
    <ClInclude Include="Scene.h">
      <Filter>Header Files</Filter>
    </ClInclude>
    <ClInclude Include="Shader.h">
      <Filter>Header Files</Filter>
    </ClInclude>
    <ClInclude Include="Sky.h">
      <Filter>Header Files</Filter>
    </ClInclude>
    <ClInclude Include="Texture.h">
      <Filter>Header Files</Filter>
    </ClInclude>
    <ClInclude Include="TriList.h">
      <Filter>Header Files</Filter>
    </ClInclude>
    <ClInclude Include="UVlist.h">
      <Filter>Header Files</Filter>
    </ClInclude>
    <ClInclude Include="vector3.h">
      <Filter>Header Files</Filter>
    </ClInclude>
    <ClInclude Include="Vector3List.h">
      <Filter>Header Files</Filter>
    </ClInclude>
  </ItemGroup>
  <ItemGroup>
    <None Include="Shaders\DoFPixel.cg">
      <Filter>Shaders</Filter>
    </None>
    <None Include="Shaders\DoFVertex.cg">
      <Filter>Shaders</Filter>
    </None>
    <None Include="Shaders\HSVShaderPixel.cg">
      <Filter>Shaders</Filter>
    </None>
    <None Include="Shaders\HSVShaderVertex.cg">
      <Filter>Shaders</Filter>
    </None>
    <None Include="Shaders\phong_TexturePixel.cg">
      <Filter>Shaders</Filter>
    </None>
    <None Include="Shaders\phong_TextureVertex.cg">
      <Filter>Shaders</Filter>
    </None>
    <None Include="Shaders\ScreenSpaceQuadShaderPixel.cg">
      <Filter>Shaders</Filter>
    </None>
    <None Include="Shaders\ScreenSpaceQuadShaderVertex.cg">
      <Filter>Shaders</Filter>
    </None>
    <None Include="Shaders\SkyPixel.cg">
      <Filter>Shaders</Filter>
    </None>
    <None Include="Shaders\SkyVertex.cg">
      <Filter>Shaders</Filter>
    </None>
    <None Include="Shaders\UberShaderPixel.cg">
      <Filter>Shaders</Filter>
    </None>
    <None Include="Shaders\UberShaderVertex.cg">
      <Filter>Shaders</Filter>
    </None>
    <None Include="Shaders\WaterPixel.cg">
      <Filter>Shaders</Filter>
    </None>
    <None Include="Shaders\WaterVertex.cg">
      <Filter>Shaders</Filter>
    </None>
  </ItemGroup>
</Project>